// !$*UTF8*$!
{
	archiveVersion = 1;
	classes = {
	};
	objectVersion = 46;
	objects = {

/* Begin PBXBuildFile section */
		B95BA5F11D452098008F04ED /* CPLoader.m in Sources */ = {isa = PBXBuildFile; fileRef = B95BA5DD1D452098008F04ED /* CPLoader.m */; };
		B95BA5F21D452098008F04ED /* RTSpinKitBounceAnimation.m in Sources */ = {isa = PBXBuildFile; fileRef = B95BA5E01D452098008F04ED /* RTSpinKitBounceAnimation.m */; };
		B95BA5F31D452098008F04ED /* RTSpinKitUtils.m in Sources */ = {isa = PBXBuildFile; fileRef = B95BA5E21D452098008F04ED /* RTSpinKitUtils.m */; };
		B95BA5F41D452098008F04ED /* RTSpinKitView.m in Sources */ = {isa = PBXBuildFile; fileRef = B95BA5E41D452098008F04ED /* RTSpinKitView.m */; };
		B95BA5F51D452098008F04ED /* FontAwesome.ttf in Resources */ = {isa = PBXBuildFile; fileRef = B95BA5E61D452098008F04ED /* FontAwesome.ttf */; };
		B95BA5F61D452098008F04ED /* NSString+FontAwesome.m in Sources */ = {isa = PBXBuildFile; fileRef = B95BA5E81D452098008F04ED /* NSString+FontAwesome.m */; };
		B95BA5F71D452098008F04ED /* UIImage+FontAwesome.m in Sources */ = {isa = PBXBuildFile; fileRef = B95BA5EA1D452098008F04ED /* UIImage+FontAwesome.m */; };
		B95BA5F81D452098008F04ED /* WebServiceHandler.m in Sources */ = {isa = PBXBuildFile; fileRef = B95BA5ED1D452098008F04ED /* WebServiceHandler.m */; };
		B95BA5F91D452098008F04ED /* Reachability.m in Sources */ = {isa = PBXBuildFile; fileRef = B95BA5F01D452098008F04ED /* Reachability.m */; };
		B95BA6001D4521D2008F04ED /* CommonMethods.m in Sources */ = {isa = PBXBuildFile; fileRef = B95BA5FF1D4521D2008F04ED /* CommonMethods.m */; };
		B95BA6081D452979008F04ED /* CloudRecognitionFinderModeViewController.m in Sources */ = {isa = PBXBuildFile; fileRef = B95BA6061D452979008F04ED /* CloudRecognitionFinderModeViewController.m */; };
		B95BA6091D452979008F04ED /* FinderMode.storyboard in Resources */ = {isa = PBXBuildFile; fileRef = B95BA6071D452979008F04ED /* FinderMode.storyboard */; };
		B993F9B41D4669AA00BEC7ED /* grid.png in Resources */ = {isa = PBXBuildFile; fileRef = B993F9B21D4669AA00BEC7ED /* grid.png */; };
		B993F9B51D4669AA00BEC7ED /* ico_scan.png in Resources */ = {isa = PBXBuildFile; fileRef = B993F9B31D4669AA00BEC7ED /* ico_scan.png */; };
		B993F9BD1D46834100BEC7ED /* menu_bkg.png in Resources */ = {isa = PBXBuildFile; fileRef = B993F9BA1D46834100BEC7ED /* menu_bkg.png */; };
		B993F9BE1D46834100BEC7ED /* red_strip_1.png in Resources */ = {isa = PBXBuildFile; fileRef = B993F9BB1D46834100BEC7ED /* red_strip_1.png */; };
		B993F9BF1D46834100BEC7ED /* red_strip_2.png in Resources */ = {isa = PBXBuildFile; fileRef = B993F9BC1D46834100BEC7ED /* red_strip_2.png */; };
		B995AE291D47C1B1002045D9 /* GeneralMenuViewController.xib in Resources */ = {isa = PBXBuildFile; fileRef = B995AE271D47C1B1002045D9 /* GeneralMenuViewController.xib */; };
		B995AE2D1D47C1CB002045D9 /* SocialMediaViewController.m in Sources */ = {isa = PBXBuildFile; fileRef = B995AE2B1D47C1CB002045D9 /* SocialMediaViewController.m */; };
		B995AE2E1D47C1CB002045D9 /* SocialMediaViewController.xib in Resources */ = {isa = PBXBuildFile; fileRef = B995AE2C1D47C1CB002045D9 /* SocialMediaViewController.xib */; };
		B995AE341D47CA73002045D9 /* GeneralMenuViewController.m in Sources */ = {isa = PBXBuildFile; fileRef = B995AE331D47CA73002045D9 /* GeneralMenuViewController.m */; };
		B995AE371D47CCB4002045D9 /* CraftARCloudImageRecognitionSDK.framework in Frameworks */ = {isa = PBXBuildFile; fileRef = B995AE351D47CCB4002045D9 /* CraftARCloudImageRecognitionSDK.framework */; };
		B995AE381D47CCB4002045D9 /* Pods.framework in Frameworks */ = {isa = PBXBuildFile; fileRef = B995AE361D47CCB4002045D9 /* Pods.framework */; };
		B9F2961D1D41364800992C57 /* main.m in Sources */ = {isa = PBXBuildFile; fileRef = B9F2961C1D41364800992C57 /* main.m */; };
		B9F296201D41364800992C57 /* AppDelegate.m in Sources */ = {isa = PBXBuildFile; fileRef = B9F2961F1D41364800992C57 /* AppDelegate.m */; };
		B9F296281D41364800992C57 /* Assets.xcassets in Resources */ = {isa = PBXBuildFile; fileRef = B9F296271D41364800992C57 /* Assets.xcassets */; };
		B9F2962B1D41364800992C57 /* LaunchScreen.storyboard in Resources */ = {isa = PBXBuildFile; fileRef = B9F296291D41364800992C57 /* LaunchScreen.storyboard */; };
		B9F296331D41370B00992C57 /* CoreMedia.framework in Frameworks */ = {isa = PBXBuildFile; fileRef = B9F296321D41370B00992C57 /* CoreMedia.framework */; };
		B9F296351D41371400992C57 /* AVFoundation.framework in Frameworks */ = {isa = PBXBuildFile; fileRef = B9F296341D41371400992C57 /* AVFoundation.framework */; };
		B9F296371D41371900992C57 /* SystemConfiguration.framework in Frameworks */ = {isa = PBXBuildFile; fileRef = B9F296361D41371900992C57 /* SystemConfiguration.framework */; };
		B9F296391D41371F00992C57 /* MobileCoreServices.framework in Frameworks */ = {isa = PBXBuildFile; fileRef = B9F296381D41371F00992C57 /* MobileCoreServices.framework */; };
		B9F296491D4138FA00992C57 /* QuartzCore.framework in Frameworks */ = {isa = PBXBuildFile; fileRef = B9F296481D4138FA00992C57 /* QuartzCore.framework */; };
		B9F2964B1D41390600992C57 /* AudioToolbox.framework in Frameworks */ = {isa = PBXBuildFile; fileRef = B9F2964A1D41390600992C57 /* AudioToolbox.framework */; };
		B9F2964D1D41390E00992C57 /* CoreLocation.framework in Frameworks */ = {isa = PBXBuildFile; fileRef = B9F2964C1D41390E00992C57 /* CoreLocation.framework */; };
		B9F2964F1D41391C00992C57 /* libc++.tbd in Frameworks */ = {isa = PBXBuildFile; fileRef = B9F2964E1D41391C00992C57 /* libc++.tbd */; };
/* End PBXBuildFile section */

/* Begin PBXFileReference section */
		B95BA5DC1D452098008F04ED /* CPLoader.h */ = {isa = PBXFileReference; fileEncoding = 4; lastKnownFileType = sourcecode.c.h; path = CPLoader.h; sourceTree = "<group>"; };
		B95BA5DD1D452098008F04ED /* CPLoader.m */ = {isa = PBXFileReference; fileEncoding = 4; lastKnownFileType = sourcecode.c.objc; path = CPLoader.m; sourceTree = "<group>"; };
		B95BA5DE1D452098008F04ED /* RTSpinKitAnimating.h */ = {isa = PBXFileReference; fileEncoding = 4; lastKnownFileType = sourcecode.c.h; path = RTSpinKitAnimating.h; sourceTree = "<group>"; };
		B95BA5DF1D452098008F04ED /* RTSpinKitBounceAnimation.h */ = {isa = PBXFileReference; fileEncoding = 4; lastKnownFileType = sourcecode.c.h; path = RTSpinKitBounceAnimation.h; sourceTree = "<group>"; };
		B95BA5E01D452098008F04ED /* RTSpinKitBounceAnimation.m */ = {isa = PBXFileReference; fileEncoding = 4; lastKnownFileType = sourcecode.c.objc; path = RTSpinKitBounceAnimation.m; sourceTree = "<group>"; };
		B95BA5E11D452098008F04ED /* RTSpinKitUtils.h */ = {isa = PBXFileReference; fileEncoding = 4; lastKnownFileType = sourcecode.c.h; path = RTSpinKitUtils.h; sourceTree = "<group>"; };
		B95BA5E21D452098008F04ED /* RTSpinKitUtils.m */ = {isa = PBXFileReference; fileEncoding = 4; lastKnownFileType = sourcecode.c.objc; path = RTSpinKitUtils.m; sourceTree = "<group>"; };
		B95BA5E31D452098008F04ED /* RTSpinKitView.h */ = {isa = PBXFileReference; fileEncoding = 4; lastKnownFileType = sourcecode.c.h; path = RTSpinKitView.h; sourceTree = "<group>"; };
		B95BA5E41D452098008F04ED /* RTSpinKitView.m */ = {isa = PBXFileReference; fileEncoding = 4; lastKnownFileType = sourcecode.c.objc; path = RTSpinKitView.m; sourceTree = "<group>"; };
		B95BA5E61D452098008F04ED /* FontAwesome.ttf */ = {isa = PBXFileReference; lastKnownFileType = file; path = FontAwesome.ttf; sourceTree = "<group>"; };
		B95BA5E71D452098008F04ED /* NSString+FontAwesome.h */ = {isa = PBXFileReference; fileEncoding = 4; lastKnownFileType = sourcecode.c.h; path = "NSString+FontAwesome.h"; sourceTree = "<group>"; };
		B95BA5E81D452098008F04ED /* NSString+FontAwesome.m */ = {isa = PBXFileReference; fileEncoding = 4; lastKnownFileType = sourcecode.c.objc; path = "NSString+FontAwesome.m"; sourceTree = "<group>"; };
		B95BA5E91D452098008F04ED /* UIImage+FontAwesome.h */ = {isa = PBXFileReference; fileEncoding = 4; lastKnownFileType = sourcecode.c.h; path = "UIImage+FontAwesome.h"; sourceTree = "<group>"; };
		B95BA5EA1D452098008F04ED /* UIImage+FontAwesome.m */ = {isa = PBXFileReference; fileEncoding = 4; lastKnownFileType = sourcecode.c.objc; path = "UIImage+FontAwesome.m"; sourceTree = "<group>"; };
		B95BA5EC1D452098008F04ED /* WebServiceHandler.h */ = {isa = PBXFileReference; fileEncoding = 4; lastKnownFileType = sourcecode.c.h; path = WebServiceHandler.h; sourceTree = "<group>"; };
		B95BA5ED1D452098008F04ED /* WebServiceHandler.m */ = {isa = PBXFileReference; fileEncoding = 4; lastKnownFileType = sourcecode.c.objc; path = WebServiceHandler.m; sourceTree = "<group>"; };
		B95BA5EF1D452098008F04ED /* Reachability.h */ = {isa = PBXFileReference; fileEncoding = 4; lastKnownFileType = sourcecode.c.h; path = Reachability.h; sourceTree = "<group>"; };
		B95BA5F01D452098008F04ED /* Reachability.m */ = {isa = PBXFileReference; fileEncoding = 4; lastKnownFileType = sourcecode.c.objc; path = Reachability.m; sourceTree = "<group>"; };
		B95BA5FC1D452175008F04ED /* PrefixHeader-AR-WantAD App.pch */ = {isa = PBXFileReference; fileEncoding = 4; lastKnownFileType = sourcecode.c.h; path = "PrefixHeader-AR-WantAD App.pch"; sourceTree = "<group>"; };
		B95BA5FE1D4521D2008F04ED /* CommonMethods.h */ = {isa = PBXFileReference; fileEncoding = 4; lastKnownFileType = sourcecode.c.h; path = CommonMethods.h; sourceTree = "<group>"; };
		B95BA5FF1D4521D2008F04ED /* CommonMethods.m */ = {isa = PBXFileReference; fileEncoding = 4; lastKnownFileType = sourcecode.c.objc; path = CommonMethods.m; sourceTree = "<group>"; };
		B95BA6051D452979008F04ED /* CloudRecognitionFinderModeViewController.h */ = {isa = PBXFileReference; fileEncoding = 4; lastKnownFileType = sourcecode.c.h; path = CloudRecognitionFinderModeViewController.h; sourceTree = "<group>"; };
		B95BA6061D452979008F04ED /* CloudRecognitionFinderModeViewController.m */ = {isa = PBXFileReference; fileEncoding = 4; lastKnownFileType = sourcecode.c.objc; path = CloudRecognitionFinderModeViewController.m; sourceTree = "<group>"; };
		B95BA6071D452979008F04ED /* FinderMode.storyboard */ = {isa = PBXFileReference; fileEncoding = 4; lastKnownFileType = file.storyboard; path = FinderMode.storyboard; sourceTree = "<group>"; };
		B993F9B21D4669AA00BEC7ED /* grid.png */ = {isa = PBXFileReference; lastKnownFileType = image.png; path = grid.png; sourceTree = "<group>"; };
		B993F9B31D4669AA00BEC7ED /* ico_scan.png */ = {isa = PBXFileReference; lastKnownFileType = image.png; path = ico_scan.png; sourceTree = "<group>"; };
		B993F9BA1D46834100BEC7ED /* menu_bkg.png */ = {isa = PBXFileReference; lastKnownFileType = image.png; path = menu_bkg.png; sourceTree = "<group>"; };
		B993F9BB1D46834100BEC7ED /* red_strip_1.png */ = {isa = PBXFileReference; lastKnownFileType = image.png; path = red_strip_1.png; sourceTree = "<group>"; };
		B993F9BC1D46834100BEC7ED /* red_strip_2.png */ = {isa = PBXFileReference; lastKnownFileType = image.png; path = red_strip_2.png; sourceTree = "<group>"; };
		B995AE271D47C1B1002045D9 /* GeneralMenuViewController.xib */ = {isa = PBXFileReference; fileEncoding = 4; lastKnownFileType = file.xib; path = GeneralMenuViewController.xib; sourceTree = "<group>"; };
		B995AE2A1D47C1CB002045D9 /* SocialMediaViewController.h */ = {isa = PBXFileReference; fileEncoding = 4; lastKnownFileType = sourcecode.c.h; path = SocialMediaViewController.h; sourceTree = "<group>"; };
		B995AE2B1D47C1CB002045D9 /* SocialMediaViewController.m */ = {isa = PBXFileReference; fileEncoding = 4; lastKnownFileType = sourcecode.c.objc; path = SocialMediaViewController.m; sourceTree = "<group>"; };
		B995AE2C1D47C1CB002045D9 /* SocialMediaViewController.xib */ = {isa = PBXFileReference; fileEncoding = 4; lastKnownFileType = file.xib; path = SocialMediaViewController.xib; sourceTree = "<group>"; };
		B995AE321D47CA73002045D9 /* GeneralMenuViewController.h */ = {isa = PBXFileReference; fileEncoding = 4; lastKnownFileType = sourcecode.c.h; path = GeneralMenuViewController.h; sourceTree = "<group>"; };
		B995AE331D47CA73002045D9 /* GeneralMenuViewController.m */ = {isa = PBXFileReference; fileEncoding = 4; lastKnownFileType = sourcecode.c.objc; path = GeneralMenuViewController.m; sourceTree = "<group>"; };
		B995AE351D47CCB4002045D9 /* CraftARCloudImageRecognitionSDK.framework */ = {isa = PBXFileReference; lastKnownFileType = wrapper.framework; path = CraftARCloudImageRecognitionSDK.framework; sourceTree = "<group>"; };
		B995AE361D47CCB4002045D9 /* Pods.framework */ = {isa = PBXFileReference; lastKnownFileType = wrapper.framework; path = Pods.framework; sourceTree = "<group>"; };
		B9F296181D41364700992C57 /* AR-WantAD App.app */ = {isa = PBXFileReference; explicitFileType = wrapper.application; includeInIndex = 0; path = "AR-WantAD App.app"; sourceTree = BUILT_PRODUCTS_DIR; };
		B9F2961C1D41364800992C57 /* main.m */ = {isa = PBXFileReference; lastKnownFileType = sourcecode.c.objc; path = main.m; sourceTree = "<group>"; };
		B9F2961E1D41364800992C57 /* AppDelegate.h */ = {isa = PBXFileReference; lastKnownFileType = sourcecode.c.h; path = AppDelegate.h; sourceTree = "<group>"; };
		B9F2961F1D41364800992C57 /* AppDelegate.m */ = {isa = PBXFileReference; lastKnownFileType = sourcecode.c.objc; path = AppDelegate.m; sourceTree = "<group>"; };
		B9F296271D41364800992C57 /* Assets.xcassets */ = {isa = PBXFileReference; lastKnownFileType = folder.assetcatalog; path = Assets.xcassets; sourceTree = "<group>"; };
		B9F2962A1D41364800992C57 /* Base */ = {isa = PBXFileReference; lastKnownFileType = file.storyboard; name = Base; path = Base.lproj/LaunchScreen.storyboard; sourceTree = "<group>"; };
		B9F2962C1D41364800992C57 /* Info.plist */ = {isa = PBXFileReference; lastKnownFileType = text.plist.xml; path = Info.plist; sourceTree = "<group>"; };
		B9F296321D41370B00992C57 /* CoreMedia.framework */ = {isa = PBXFileReference; lastKnownFileType = wrapper.framework; name = CoreMedia.framework; path = System/Library/Frameworks/CoreMedia.framework; sourceTree = SDKROOT; };
		B9F296341D41371400992C57 /* AVFoundation.framework */ = {isa = PBXFileReference; lastKnownFileType = wrapper.framework; name = AVFoundation.framework; path = System/Library/Frameworks/AVFoundation.framework; sourceTree = SDKROOT; };
		B9F296361D41371900992C57 /* SystemConfiguration.framework */ = {isa = PBXFileReference; lastKnownFileType = wrapper.framework; name = SystemConfiguration.framework; path = System/Library/Frameworks/SystemConfiguration.framework; sourceTree = SDKROOT; };
		B9F296381D41371F00992C57 /* MobileCoreServices.framework */ = {isa = PBXFileReference; lastKnownFileType = wrapper.framework; name = MobileCoreServices.framework; path = System/Library/Frameworks/MobileCoreServices.framework; sourceTree = SDKROOT; };
		B9F296481D4138FA00992C57 /* QuartzCore.framework */ = {isa = PBXFileReference; lastKnownFileType = wrapper.framework; name = QuartzCore.framework; path = System/Library/Frameworks/QuartzCore.framework; sourceTree = SDKROOT; };
		B9F2964A1D41390600992C57 /* AudioToolbox.framework */ = {isa = PBXFileReference; lastKnownFileType = wrapper.framework; name = AudioToolbox.framework; path = System/Library/Frameworks/AudioToolbox.framework; sourceTree = SDKROOT; };
		B9F2964C1D41390E00992C57 /* CoreLocation.framework */ = {isa = PBXFileReference; lastKnownFileType = wrapper.framework; name = CoreLocation.framework; path = System/Library/Frameworks/CoreLocation.framework; sourceTree = SDKROOT; };
		B9F2964E1D41391C00992C57 /* libc++.tbd */ = {isa = PBXFileReference; lastKnownFileType = "sourcecode.text-based-dylib-definition"; name = "libc++.tbd"; path = "usr/lib/libc++.tbd"; sourceTree = SDKROOT; };
/* End PBXFileReference section */

/* Begin PBXFrameworksBuildPhase section */
		B9F296151D41364700992C57 /* Frameworks */ = {
			isa = PBXFrameworksBuildPhase;
			buildActionMask = 2147483647;
			files = (
				B9F2964F1D41391C00992C57 /* libc++.tbd in Frameworks */,
				B9F2964D1D41390E00992C57 /* CoreLocation.framework in Frameworks */,
				B9F2964B1D41390600992C57 /* AudioToolbox.framework in Frameworks */,
				B9F296491D4138FA00992C57 /* QuartzCore.framework in Frameworks */,
				B9F296391D41371F00992C57 /* MobileCoreServices.framework in Frameworks */,
				B995AE371D47CCB4002045D9 /* CraftARCloudImageRecognitionSDK.framework in Frameworks */,
				B995AE381D47CCB4002045D9 /* Pods.framework in Frameworks */,
				B9F296371D41371900992C57 /* SystemConfiguration.framework in Frameworks */,
				B9F296351D41371400992C57 /* AVFoundation.framework in Frameworks */,
				B9F296331D41370B00992C57 /* CoreMedia.framework in Frameworks */,
			);
			runOnlyForDeploymentPostprocessing = 0;
		};
/* End PBXFrameworksBuildPhase section */

/* Begin PBXGroup section */
		B95BA5DA1D452098008F04ED /* EXTRA Library */ = {
			isa = PBXGroup;
			children = (
				B995AE221D47C17C002045D9 /* Menu */,
				B95BA5FD1D4521D2008F04ED /* Common Method Class */,
				B95BA5DB1D452098008F04ED /* AlertView */,
				B95BA5E51D452098008F04ED /* Font Awsome */,
				B95BA5EB1D452098008F04ED /* JsonWebService */,
				B95BA5EE1D452098008F04ED /* Rechability */,
			);
			path = "EXTRA Library";
			sourceTree = "<group>";
		};
		B95BA5DB1D452098008F04ED /* AlertView */ = {
			isa = PBXGroup;
			children = (
				B95BA5DC1D452098008F04ED /* CPLoader.h */,
				B95BA5DD1D452098008F04ED /* CPLoader.m */,
				B95BA5DE1D452098008F04ED /* RTSpinKitAnimating.h */,
				B95BA5DF1D452098008F04ED /* RTSpinKitBounceAnimation.h */,
				B95BA5E01D452098008F04ED /* RTSpinKitBounceAnimation.m */,
				B95BA5E11D452098008F04ED /* RTSpinKitUtils.h */,
				B95BA5E21D452098008F04ED /* RTSpinKitUtils.m */,
				B95BA5E31D452098008F04ED /* RTSpinKitView.h */,
				B95BA5E41D452098008F04ED /* RTSpinKitView.m */,
			);
			path = AlertView;
			sourceTree = "<group>";
		};
		B95BA5E51D452098008F04ED /* Font Awsome */ = {
			isa = PBXGroup;
			children = (
				B95BA5E61D452098008F04ED /* FontAwesome.ttf */,
				B95BA5E71D452098008F04ED /* NSString+FontAwesome.h */,
				B95BA5E81D452098008F04ED /* NSString+FontAwesome.m */,
				B95BA5E91D452098008F04ED /* UIImage+FontAwesome.h */,
				B95BA5EA1D452098008F04ED /* UIImage+FontAwesome.m */,
			);
			path = "Font Awsome";
			sourceTree = "<group>";
		};
		B95BA5EB1D452098008F04ED /* JsonWebService */ = {
			isa = PBXGroup;
			children = (
				B95BA5EC1D452098008F04ED /* WebServiceHandler.h */,
				B95BA5ED1D452098008F04ED /* WebServiceHandler.m */,
			);
			path = JsonWebService;
			sourceTree = "<group>";
		};
		B95BA5EE1D452098008F04ED /* Rechability */ = {
			isa = PBXGroup;
			children = (
				B95BA5EF1D452098008F04ED /* Reachability.h */,
				B95BA5F01D452098008F04ED /* Reachability.m */,
			);
			path = Rechability;
			sourceTree = "<group>";
		};
		B95BA5FD1D4521D2008F04ED /* Common Method Class */ = {
			isa = PBXGroup;
			children = (
				B95BA5FE1D4521D2008F04ED /* CommonMethods.h */,
				B95BA5FF1D4521D2008F04ED /* CommonMethods.m */,
			);
			path = "Common Method Class";
			sourceTree = "<group>";
		};
		B993F9B11D4669AA00BEC7ED /* Images */ = {
			isa = PBXGroup;
			children = (
				B993F9BA1D46834100BEC7ED /* menu_bkg.png */,
				B993F9BB1D46834100BEC7ED /* red_strip_1.png */,
				B993F9BC1D46834100BEC7ED /* red_strip_2.png */,
				B993F9B21D4669AA00BEC7ED /* grid.png */,
				B993F9B31D4669AA00BEC7ED /* ico_scan.png */,
			);
			path = Images;
			sourceTree = "<group>";
		};
		B995AE221D47C17C002045D9 /* Menu */ = {
			isa = PBXGroup;
			children = (
				B995AE231D47C17C002045D9 /* General Menu */,
				B995AE241D47C17C002045D9 /* Social Media */,
			);
			path = Menu;
			sourceTree = "<group>";
		};
		B995AE231D47C17C002045D9 /* General Menu */ = {
			isa = PBXGroup;
			children = (
				B995AE321D47CA73002045D9 /* GeneralMenuViewController.h */,
				B995AE331D47CA73002045D9 /* GeneralMenuViewController.m */,
				B995AE271D47C1B1002045D9 /* GeneralMenuViewController.xib */,
			);
			path = "General Menu";
			sourceTree = "<group>";
		};
		B995AE241D47C17C002045D9 /* Social Media */ = {
			isa = PBXGroup;
			children = (
				B995AE2A1D47C1CB002045D9 /* SocialMediaViewController.h */,
				B995AE2B1D47C1CB002045D9 /* SocialMediaViewController.m */,
				B995AE2C1D47C1CB002045D9 /* SocialMediaViewController.xib */,
			);
			path = "Social Media";
			sourceTree = "<group>";
		};
		B9F2960F1D41364700992C57 = {
			isa = PBXGroup;
			children = (
				B9F2961A1D41364800992C57 /* AR-WantAD App */,
				B9F296191D41364700992C57 /* Products */,
			);
			sourceTree = "<group>";
		};
		B9F296191D41364700992C57 /* Products */ = {
			isa = PBXGroup;
			children = (
				B9F296181D41364700992C57 /* AR-WantAD App.app */,
			);
			name = Products;
			sourceTree = "<group>";
		};
		B9F2961A1D41364800992C57 /* AR-WantAD App */ = {
			isa = PBXGroup;
			children = (
				B9F2961E1D41364800992C57 /* AppDelegate.h */,
				B9F2961F1D41364800992C57 /* AppDelegate.m */,
				B9F2963E1D41385A00992C57 /* Classes */,
				B993F9B11D4669AA00BEC7ED /* Images */,
				B9F296421D41385A00992C57 /* Frameworks */,
				B9F296271D41364800992C57 /* Assets.xcassets */,
				B9F296291D41364800992C57 /* LaunchScreen.storyboard */,
				B9F2962C1D41364800992C57 /* Info.plist */,
				B95BA5FC1D452175008F04ED /* PrefixHeader-AR-WantAD App.pch */,
				B9F2961B1D41364800992C57 /* Supporting Files */,
			);
			path = "AR-WantAD App";
			sourceTree = "<group>";
		};
		B9F2961B1D41364800992C57 /* Supporting Files */ = {
			isa = PBXGroup;
			children = (
				B9F2961C1D41364800992C57 /* main.m */,
			);
			name = "Supporting Files";
			sourceTree = "<group>";
		};
		B9F2963E1D41385A00992C57 /* Classes */ = {
			isa = PBXGroup;
			children = (
				B95BA5DA1D452098008F04ED /* EXTRA Library */,
				B9F2963F1D41385A00992C57 /* MainViewController */,
			);
			path = Classes;
			sourceTree = "<group>";
		};
		B9F2963F1D41385A00992C57 /* MainViewController */ = {
			isa = PBXGroup;
			children = (
				B95BA6051D452979008F04ED /* CloudRecognitionFinderModeViewController.h */,
				B95BA6061D452979008F04ED /* CloudRecognitionFinderModeViewController.m */,
				B95BA6071D452979008F04ED /* FinderMode.storyboard */,
			);
			path = MainViewController;
			sourceTree = "<group>";
		};
		B9F296421D41385A00992C57 /* Frameworks */ = {
			isa = PBXGroup;
			children = (
				B995AE351D47CCB4002045D9 /* CraftARCloudImageRecognitionSDK.framework */,
				B995AE361D47CCB4002045D9 /* Pods.framework */,
				B9F2964E1D41391C00992C57 /* libc++.tbd */,
				B9F2964C1D41390E00992C57 /* CoreLocation.framework */,
				B9F2964A1D41390600992C57 /* AudioToolbox.framework */,
				B9F296481D4138FA00992C57 /* QuartzCore.framework */,
				B9F296381D41371F00992C57 /* MobileCoreServices.framework */,
				B9F296361D41371900992C57 /* SystemConfiguration.framework */,
				B9F296341D41371400992C57 /* AVFoundation.framework */,
				B9F296321D41370B00992C57 /* CoreMedia.framework */,
			);
			path = Frameworks;
			sourceTree = "<group>";
		};
/* End PBXGroup section */

/* Begin PBXNativeTarget section */
		B9F296171D41364700992C57 /* AR-WantAD App */ = {
			isa = PBXNativeTarget;
			buildConfigurationList = B9F2962F1D41364800992C57 /* Build configuration list for PBXNativeTarget "AR-WantAD App" */;
			buildPhases = (
				B9F296151D41364700992C57 /* Frameworks */,
				B9F296141D41364700992C57 /* Sources */,
				B9F296161D41364700992C57 /* Resources */,
			);
			buildRules = (
			);
			dependencies = (
			);
			name = "AR-WantAD App";
			productName = "AR-WantAD App";
			productReference = B9F296181D41364700992C57 /* AR-WantAD App.app */;
			productType = "com.apple.product-type.application";
		};
/* End PBXNativeTarget section */

/* Begin PBXProject section */
		B9F296101D41364700992C57 /* Project object */ = {
			isa = PBXProject;
			attributes = {
				LastUpgradeCheck = 0730;
				ORGANIZATIONNAME = "Chintan patel";
				TargetAttributes = {
					B9F296171D41364700992C57 = {
						CreatedOnToolsVersion = 7.3.1;
					};
				};
			};
			buildConfigurationList = B9F296131D41364700992C57 /* Build configuration list for PBXProject "AR-WantAD App" */;
			compatibilityVersion = "Xcode 3.2";
			developmentRegion = English;
			hasScannedForEncodings = 0;
			knownRegions = (
				en,
				Base,
			);
			mainGroup = B9F2960F1D41364700992C57;
			productRefGroup = B9F296191D41364700992C57 /* Products */;
			projectDirPath = "";
			projectRoot = "";
			targets = (
				B9F296171D41364700992C57 /* AR-WantAD App */,
			);
		};
/* End PBXProject section */

/* Begin PBXResourcesBuildPhase section */
		B9F296161D41364700992C57 /* Resources */ = {
			isa = PBXResourcesBuildPhase;
			buildActionMask = 2147483647;
			files = (
				B9F2962B1D41364800992C57 /* LaunchScreen.storyboard in Resources */,
				B993F9BD1D46834100BEC7ED /* menu_bkg.png in Resources */,
				B995AE291D47C1B1002045D9 /* GeneralMenuViewController.xib in Resources */,
				B993F9B41D4669AA00BEC7ED /* grid.png in Resources */,
				B993F9B51D4669AA00BEC7ED /* ico_scan.png in Resources */,
				B95BA6091D452979008F04ED /* FinderMode.storyboard in Resources */,
				B995AE2E1D47C1CB002045D9 /* SocialMediaViewController.xib in Resources */,
				B9F296281D41364800992C57 /* Assets.xcassets in Resources */,
				B993F9BE1D46834100BEC7ED /* red_strip_1.png in Resources */,
				B993F9BF1D46834100BEC7ED /* red_strip_2.png in Resources */,
				B95BA5F51D452098008F04ED /* FontAwesome.ttf in Resources */,
			);
			runOnlyForDeploymentPostprocessing = 0;
		};
/* End PBXResourcesBuildPhase section */

/* Begin PBXSourcesBuildPhase section */
		B9F296141D41364700992C57 /* Sources */ = {
			isa = PBXSourcesBuildPhase;
			buildActionMask = 2147483647;
			files = (
				B95BA5F31D452098008F04ED /* RTSpinKitUtils.m in Sources */,
				B9F296201D41364800992C57 /* AppDelegate.m in Sources */,
				B95BA5F91D452098008F04ED /* Reachability.m in Sources */,
				B95BA5F21D452098008F04ED /* RTSpinKitBounceAnimation.m in Sources */,
				B95BA5F61D452098008F04ED /* NSString+FontAwesome.m in Sources */,
				B95BA6081D452979008F04ED /* CloudRecognitionFinderModeViewController.m in Sources */,
				B995AE341D47CA73002045D9 /* GeneralMenuViewController.m in Sources */,
				B9F2961D1D41364800992C57 /* main.m in Sources */,
				B995AE2D1D47C1CB002045D9 /* SocialMediaViewController.m in Sources */,
				B95BA6001D4521D2008F04ED /* CommonMethods.m in Sources */,
				B95BA5F41D452098008F04ED /* RTSpinKitView.m in Sources */,
				B95BA5F81D452098008F04ED /* WebServiceHandler.m in Sources */,
				B95BA5F11D452098008F04ED /* CPLoader.m in Sources */,
				B95BA5F71D452098008F04ED /* UIImage+FontAwesome.m in Sources */,
			);
			runOnlyForDeploymentPostprocessing = 0;
		};
/* End PBXSourcesBuildPhase section */

/* Begin PBXVariantGroup section */
		B9F296291D41364800992C57 /* LaunchScreen.storyboard */ = {
			isa = PBXVariantGroup;
			children = (
				B9F2962A1D41364800992C57 /* Base */,
			);
			name = LaunchScreen.storyboard;
			sourceTree = "<group>";
		};
/* End PBXVariantGroup section */

/* Begin XCBuildConfiguration section */
		B9F2962D1D41364800992C57 /* Debug */ = {
			isa = XCBuildConfiguration;
			buildSettings = {
				ALWAYS_SEARCH_USER_PATHS = NO;
				CLANG_ANALYZER_NONNULL = YES;
				CLANG_CXX_LANGUAGE_STANDARD = "gnu++0x";
				CLANG_CXX_LIBRARY = "libc++";
				CLANG_ENABLE_MODULES = YES;
				CLANG_ENABLE_OBJC_ARC = YES;
				CLANG_WARN_BOOL_CONVERSION = YES;
				CLANG_WARN_CONSTANT_CONVERSION = YES;
				CLANG_WARN_DIRECT_OBJC_ISA_USAGE = YES_ERROR;
				CLANG_WARN_EMPTY_BODY = YES;
				CLANG_WARN_ENUM_CONVERSION = YES;
				CLANG_WARN_INT_CONVERSION = YES;
				CLANG_WARN_OBJC_ROOT_CLASS = YES_ERROR;
				CLANG_WARN_UNREACHABLE_CODE = YES;
				CLANG_WARN__DUPLICATE_METHOD_MATCH = YES;
				"CODE_SIGN_IDENTITY[sdk=iphoneos*]" = "iPhone Developer";
				COPY_PHASE_STRIP = NO;
				DEBUG_INFORMATION_FORMAT = dwarf;
				ENABLE_STRICT_OBJC_MSGSEND = YES;
				ENABLE_TESTABILITY = YES;
				GCC_C_LANGUAGE_STANDARD = gnu99;
				GCC_DYNAMIC_NO_PIC = NO;
				GCC_NO_COMMON_BLOCKS = YES;
				GCC_OPTIMIZATION_LEVEL = 0;
				GCC_PREPROCESSOR_DEFINITIONS = (
					"DEBUG=1",
					"$(inherited)",
				);
				GCC_WARN_64_TO_32_BIT_CONVERSION = YES;
				GCC_WARN_ABOUT_RETURN_TYPE = YES_ERROR;
				GCC_WARN_UNDECLARED_SELECTOR = YES;
				GCC_WARN_UNINITIALIZED_AUTOS = YES_AGGRESSIVE;
				GCC_WARN_UNUSED_FUNCTION = YES;
				GCC_WARN_UNUSED_VARIABLE = YES;
				IPHONEOS_DEPLOYMENT_TARGET = 9.3;
				MTL_ENABLE_DEBUG_INFO = YES;
				ONLY_ACTIVE_ARCH = YES;
				SDKROOT = iphoneos;
				TARGETED_DEVICE_FAMILY = "1,2";
			};
			name = Debug;
		};
		B9F2962E1D41364800992C57 /* Release */ = {
			isa = XCBuildConfiguration;
			buildSettings = {
				ALWAYS_SEARCH_USER_PATHS = NO;
				CLANG_ANALYZER_NONNULL = YES;
				CLANG_CXX_LANGUAGE_STANDARD = "gnu++0x";
				CLANG_CXX_LIBRARY = "libc++";
				CLANG_ENABLE_MODULES = YES;
				CLANG_ENABLE_OBJC_ARC = YES;
				CLANG_WARN_BOOL_CONVERSION = YES;
				CLANG_WARN_CONSTANT_CONVERSION = YES;
				CLANG_WARN_DIRECT_OBJC_ISA_USAGE = YES_ERROR;
				CLANG_WARN_EMPTY_BODY = YES;
				CLANG_WARN_ENUM_CONVERSION = YES;
				CLANG_WARN_INT_CONVERSION = YES;
				CLANG_WARN_OBJC_ROOT_CLASS = YES_ERROR;
				CLANG_WARN_UNREACHABLE_CODE = YES;
				CLANG_WARN__DUPLICATE_METHOD_MATCH = YES;
				"CODE_SIGN_IDENTITY[sdk=iphoneos*]" = "iPhone Developer";
				COPY_PHASE_STRIP = NO;
				DEBUG_INFORMATION_FORMAT = "dwarf-with-dsym";
				ENABLE_NS_ASSERTIONS = NO;
				ENABLE_STRICT_OBJC_MSGSEND = YES;
				GCC_C_LANGUAGE_STANDARD = gnu99;
				GCC_NO_COMMON_BLOCKS = YES;
				GCC_WARN_64_TO_32_BIT_CONVERSION = YES;
				GCC_WARN_ABOUT_RETURN_TYPE = YES_ERROR;
				GCC_WARN_UNDECLARED_SELECTOR = YES;
				GCC_WARN_UNINITIALIZED_AUTOS = YES_AGGRESSIVE;
				GCC_WARN_UNUSED_FUNCTION = YES;
				GCC_WARN_UNUSED_VARIABLE = YES;
				IPHONEOS_DEPLOYMENT_TARGET = 9.3;
				MTL_ENABLE_DEBUG_INFO = NO;
				SDKROOT = iphoneos;
				TARGETED_DEVICE_FAMILY = "1,2";
				VALIDATE_PRODUCT = YES;
			};
			name = Release;
		};
		B9F296301D41364800992C57 /* Debug */ = {
			isa = XCBuildConfiguration;
			buildSettings = {
				ASSETCATALOG_COMPILER_APPICON_NAME = AppIcon;
				FRAMEWORK_SEARCH_PATHS = (
					"$(PROJECT_DIR)/AR-WantAD",
					App/Frameworks,
					"$(PROJECT_DIR)/AR-WantAD",
					App/Frameworks,
				);
				GCC_PREFIX_HEADER = "AR-WantAD App/PrefixHeader-AR-WantAD App.pch";
				INFOPLIST_FILE = "AR-WantAD App/Info.plist";
				IPHONEOS_DEPLOYMENT_TARGET = 7.0;
				LD_RUNPATH_SEARCH_PATHS = "$(inherited) @executable_path/Frameworks";
				OTHER_LDFLAGS = "-ObjC";
				PRODUCT_BUNDLE_IDENTIFIER = com.catchoom.test;
				PRODUCT_NAME = "$(TARGET_NAME)";
			};
			name = Debug;
		};
		B9F296311D41364800992C57 /* Release */ = {
			isa = XCBuildConfiguration;
			buildSettings = {
				ASSETCATALOG_COMPILER_APPICON_NAME = AppIcon;
				FRAMEWORK_SEARCH_PATHS = (
					"$(PROJECT_DIR)/AR-WantAD",
					App/Frameworks,
					"$(PROJECT_DIR)/AR-WantAD",
					App/Frameworks,
				);
				GCC_PREFIX_HEADER = "AR-WantAD App/PrefixHeader-AR-WantAD App.pch";
				INFOPLIST_FILE = "AR-WantAD App/Info.plist";
				IPHONEOS_DEPLOYMENT_TARGET = 7.0;
				LD_RUNPATH_SEARCH_PATHS = "$(inherited) @executable_path/Frameworks";
				OTHER_LDFLAGS = "-ObjC";
				PRODUCT_BUNDLE_IDENTIFIER = com.catchoom.test;
				PRODUCT_NAME = "$(TARGET_NAME)";
			};
			name = Release;
		};
/* End XCBuildConfiguration section */

/* Begin XCConfigurationList section */
		B9F296131D41364700992C57 /* Build configuration list for PBXProject "AR-WantAD App" */ = {
			isa = XCConfigurationList;
			buildConfigurations = (
				B9F2962D1D41364800992C57 /* Debug */,
				B9F2962E1D41364800992C57 /* Release */,
			);
			defaultConfigurationIsVisible = 0;
			defaultConfigurationName = Release;
		};
		B9F2962F1D41364800992C57 /* Build configuration list for PBXNativeTarget "AR-WantAD App" */ = {
			isa = XCConfigurationList;
			buildConfigurations = (
				B9F296301D41364800992C57 /* Debug */,
				B9F296311D41364800992C57 /* Release */,
			);
			defaultConfigurationIsVisible = 0;
			defaultConfigurationName = Release;
		};
/* End XCConfigurationList section */
	};
	rootObject = B9F296101D41364700992C57 /* Project object */;
}
